
Microsoft Visual Studio Solution File, Format Version 12.00
# Visual Studio 15
VisualStudioVersion = 15.0.28307.572
MinimumVisualStudioVersion = 10.0.40219.1
Project("{FAE04EC0-301F-11D3-BF4B-00C04F79EFBC}") = "Authorization", "Authorization\Authorization.csproj", "{0C4494A0-CD9F-4F58-B73F-F9FCF1B6F767}"
EndProject
Project("{9A19103F-16F7-4668-BE54-9A1E7A4F7556}") = "DataAccess.Core", "..\..\Development\DataAccess.Solution\DataAccess.Core\DataAccess.Core.csproj", "{8C380D0A-C9E6-4AAB-AFFD-00964EF91E7A}"
EndProject
Project("{9A19103F-16F7-4668-BE54-9A1E7A4F7556}") = "DomainFramework.Core", "..\..\Development\DomainFramework.Solution\DomainFramework.Core\DomainFramework.Core.csproj", "{BD6E32C2-3FE5-4D53-A672-F744A64E6345}"
EndProject
Project("{9A19103F-16F7-4668-BE54-9A1E7A4F7556}") = "DomainFramework.DataAccess", "..\..\Development\DomainFramework.Solution\DomainFramework.DataAccess\DomainFramework.DataAccess.csproj", "{02929A83-E928-467F-B523-898917B642C8}"
EndProject
Project("{9A19103F-16F7-4668-BE54-9A1E7A4F7556}") = "NetCoreHelpers", "..\..\Helpers\NetCoreHelpers.Solution\NetCoreHelpers\NetCoreHelpers.csproj", "{CFADD7B4-8317-44B7-9E7C-D5A9E5B21FFD}"
EndProject
Project("{9A19103F-16F7-4668-BE54-9A1E7A4F7556}") = "SqlServerScriptRunner", "..\..\Helpers\SqlServer\SqlServerScriptRunner.Solution\SqlServerScriptRunner\SqlServerScriptRunner.csproj", "{734344B6-5817-44A3-BD5E-74152D7DDBB2}"
EndProject
Project("{9A19103F-16F7-4668-BE54-9A1E7A4F7556}") = "Utilities", "..\..\Development\Utilities.Solution\Utilities\Utilities.csproj", "{2B3CBD6A-C50A-4AF3-9780-5F97255D4C97}"
EndProject
Project("{FAE04EC0-301F-11D3-BF4B-00C04F79EFBC}") = "Authorization.Tests", "Authorization.Tests\Authorization.Tests.csproj", "{AEC2C51F-04FF-4E07-A69F-304630E0B72E}"
EndProject
Project("{9A19103F-16F7-4668-BE54-9A1E7A4F7556}") = "ApplicationLogs", "..\ApplicationLogs.Solution\ApplicationLogs\ApplicationLogs.csproj", "{8C5A3CDA-E8E2-4BA1-B877-67F09A19CB2C}"
EndProject
Global
	GlobalSection(SolutionConfigurationPlatforms) = preSolution
		Debug|Any CPU = Debug|Any CPU
		Release|Any CPU = Release|Any CPU
	EndGlobalSection
	GlobalSection(ProjectConfigurationPlatforms) = postSolution
		{0C4494A0-CD9F-4F58-B73F-F9FCF1B6F767}.Debug|Any CPU.ActiveCfg = Debug|Any CPU
		{0C4494A0-CD9F-4F58-B73F-F9FCF1B6F767}.Debug|Any CPU.Build.0 = Debug|Any CPU
		{0C4494A0-CD9F-4F58-B73F-F9FCF1B6F767}.Release|Any CPU.ActiveCfg = Release|Any CPU
		{0C4494A0-CD9F-4F58-B73F-F9FCF1B6F767}.Release|Any CPU.Build.0 = Release|Any CPU
		{8C380D0A-C9E6-4AAB-AFFD-00964EF91E7A}.Debug|Any CPU.ActiveCfg = Debug|Any CPU
		{8C380D0A-C9E6-4AAB-AFFD-00964EF91E7A}.Debug|Any CPU.Build.0 = Debug|Any CPU
		{8C380D0A-C9E6-4AAB-AFFD-00964EF91E7A}.Release|Any CPU.ActiveCfg = Release|Any CPU
		{8C380D0A-C9E6-4AAB-AFFD-00964EF91E7A}.Release|Any CPU.Build.0 = Release|Any CPU
		{BD6E32C2-3FE5-4D53-A672-F744A64E6345}.Debug|Any CPU.ActiveCfg = Debug|Any CPU
		{BD6E32C2-3FE5-4D53-A672-F744A64E6345}.Debug|Any CPU.Build.0 = Debug|Any CPU
		{BD6E32C2-3FE5-4D53-A672-F744A64E6345}.Release|Any CPU.ActiveCfg = Release|Any CPU
		{BD6E32C2-3FE5-4D53-A672-F744A64E6345}.Release|Any CPU.Build.0 = Release|Any CPU
		{02929A83-E928-467F-B523-898917B642C8}.Debug|Any CPU.ActiveCfg = Debug|Any CPU
		{02929A83-E928-467F-B523-898917B642C8}.Debug|Any CPU.Build.0 = Debug|Any CPU
		{02929A83-E928-467F-B523-898917B642C8}.Release|Any CPU.ActiveCfg = Release|Any CPU
		{02929A83-E928-467F-B523-898917B642C8}.Release|Any CPU.Build.0 = Release|Any CPU
		{CFADD7B4-8317-44B7-9E7C-D5A9E5B21FFD}.Debug|Any CPU.ActiveCfg = Debug|Any CPU
		{CFADD7B4-8317-44B7-9E7C-D5A9E5B21FFD}.Debug|Any CPU.Build.0 = Debug|Any CPU
		{CFADD7B4-8317-44B7-9E7C-D5A9E5B21FFD}.Release|Any CPU.ActiveCfg = Release|Any CPU
		{CFADD7B4-8317-44B7-9E7C-D5A9E5B21FFD}.Release|Any CPU.Build.0 = Release|Any CPU
		{734344B6-5817-44A3-BD5E-74152D7DDBB2}.Debug|Any CPU.ActiveCfg = Debug|Any CPU
		{734344B6-5817-44A3-BD5E-74152D7DDBB2}.Debug|Any CPU.Build.0 = Debug|Any CPU
		{734344B6-5817-44A3-BD5E-74152D7DDBB2}.Release|Any CPU.ActiveCfg = Release|Any CPU
		{734344B6-5817-44A3-BD5E-74152D7DDBB2}.Release|Any CPU.Build.0 = Release|Any CPU
		{2B3CBD6A-C50A-4AF3-9780-5F97255D4C97}.Debug|Any CPU.ActiveCfg = Debug|Any CPU
		{2B3CBD6A-C50A-4AF3-9780-5F97255D4C97}.Debug|Any CPU.Build.0 = Debug|Any CPU
		{2B3CBD6A-C50A-4AF3-9780-5F97255D4C97}.Release|Any CPU.ActiveCfg = Release|Any CPU
		{2B3CBD6A-C50A-4AF3-9780-5F97255D4C97}.Release|Any CPU.Build.0 = Release|Any CPU
		{AEC2C51F-04FF-4E07-A69F-304630E0B72E}.Debug|Any CPU.ActiveCfg = Debug|Any CPU
		{AEC2C51F-04FF-4E07-A69F-304630E0B72E}.Debug|Any CPU.Build.0 = Debug|Any CPU
		{AEC2C51F-04FF-4E07-A69F-304630E0B72E}.Release|Any CPU.ActiveCfg = Release|Any CPU
		{AEC2C51F-04FF-4E07-A69F-304630E0B72E}.Release|Any CPU.Build.0 = Release|Any CPU
		{8C5A3CDA-E8E2-4BA1-B877-67F09A19CB2C}.Debug|Any CPU.ActiveCfg = Debug|Any CPU
		{8C5A3CDA-E8E2-4BA1-B877-67F09A19CB2C}.Debug|Any CPU.Build.0 = Debug|Any CPU
		{8C5A3CDA-E8E2-4BA1-B877-67F09A19CB2C}.Release|Any CPU.ActiveCfg = Release|Any CPU
		{8C5A3CDA-E8E2-4BA1-B877-67F09A19CB2C}.Release|Any CPU.Build.0 = Release|Any CPU
	EndGlobalSection
	GlobalSection(SolutionProperties) = preSolution
		HideSolutionNode = FALSE
	EndGlobalSection
	GlobalSection(ExtensibilityGlobals) = postSolution
		SolutionGuid = {E59FA292-6330-41D5-85EB-716C73685843}
	EndGlobalSection
EndGlobal
